
Microsoft Visual Studio Solution File, Format Version 12.00
# Visual Studio Version 17
VisualStudioVersion = 17.8.34601.278
MinimumVisualStudioVersion = 10.0.40219.1
Project("{FAE04EC0-301F-11D3-BF4B-00C04F79EFBC}") = "Igra pamcenja", "Igra pamcenja.csproj", "{212E6E0C-54B9-43E4-A75F-A827039C5B57}"
EndProject
Global
	GlobalSection(SolutionConfigurationPlatforms) = preSolution
		Debug|Any CPU = Debug|Any CPU
		Release|Any CPU = Release|Any CPU
	EndGlobalSection
	GlobalSection(ProjectConfigurationPlatforms) = postSolution
		{212E6E0C-54B9-43E4-A75F-A827039C5B57}.Debug|Any CPU.ActiveCfg = Debug|Any CPU
		{212E6E0C-54B9-43E4-A75F-A827039C5B57}.Debug|Any CPU.Build.0 = Debug|Any CPU
		{212E6E0C-54B9-43E4-A75F-A827039C5B57}.Release|Any CPU.ActiveCfg = Release|Any CPU
		{212E6E0C-54B9-43E4-A75F-A827039C5B57}.Release|Any CPU.Build.0 = Release|Any CPU
	EndGlobalSection
	GlobalSection(SolutionProperties) = preSolution
		HideSolutionNode = FALSE
	EndGlobalSection
	GlobalSection(ExtensibilityGlobals) = postSolution
		SolutionGuid = {0DE841F5-B507-470C-ABD6-2E5D1B477FE3}
	EndGlobalSection
EndGlobal
